// !$*UTF8*$!
{
	archiveVersion = 1;
	classes = {
	};
	objectVersion = 56;
	objects = {

/* Begin PBXBuildFile section */
		7F0432AB29B51778006F652A /* AnswerModule.swift in Sources */ = {isa = PBXBuildFile; fileRef = 7F0432AA29B51778006F652A /* AnswerModule.swift */; };
		7F12331D29B3E68F00E906B0 /* questions.json in Resources */ = {isa = PBXBuildFile; fileRef = 7F12331C29B3E68F00E906B0 /* questions.json */; };
		7F3947F329B2FDD600016ED9 /* TriviaAppApp.swift in Sources */ = {isa = PBXBuildFile; fileRef = 7F3947F229B2FDD600016ED9 /* TriviaAppApp.swift */; };
		7F3947F529B2FDD600016ED9 /* ContentView.swift in Sources */ = {isa = PBXBuildFile; fileRef = 7F3947F429B2FDD600016ED9 /* ContentView.swift */; };
		7F3947F729B2FDD700016ED9 /* Assets.xcassets in Resources */ = {isa = PBXBuildFile; fileRef = 7F3947F629B2FDD700016ED9 /* Assets.xcassets */; };
		7F3947FA29B2FDD700016ED9 /* Preview Assets.xcassets in Resources */ = {isa = PBXBuildFile; fileRef = 7F3947F929B2FDD700016ED9 /* Preview Assets.xcassets */; };
		7F43FC5029B3E0AA000B7B7A /* JSONQuestion.swift in Sources */ = {isa = PBXBuildFile; fileRef = 7F43FC4F29B3E0AA000B7B7A /* JSONQuestion.swift */; };
		7F43FC5229B3E48D000B7B7A /* Bundle-Decodable.swift in Sources */ = {isa = PBXBuildFile; fileRef = 7F43FC5129B3E48D000B7B7A /* Bundle-Decodable.swift */; };
		7F89997029B40553005F9053 /* Color-Theme.swift in Sources */ = {isa = PBXBuildFile; fileRef = 7F89996F29B40553005F9053 /* Color-Theme.swift */; };
/* End PBXBuildFile section */

/* Begin PBXFileReference section */
		7F0432AA29B51778006F652A /* AnswerModule.swift */ = {isa = PBXFileReference; lastKnownFileType = sourcecode.swift; path = AnswerModule.swift; sourceTree = "<group>"; };
		7F12331C29B3E68F00E906B0 /* questions.json */ = {isa = PBXFileReference; fileEncoding = 4; lastKnownFileType = text.json; path = questions.json; sourceTree = "<group>"; };
		7F3947EF29B2FDD600016ED9 /* TriviaApp.app */ = {isa = PBXFileReference; explicitFileType = wrapper.application; includeInIndex = 0; path = TriviaApp.app; sourceTree = BUILT_PRODUCTS_DIR; };
		7F3947F229B2FDD600016ED9 /* TriviaAppApp.swift */ = {isa = PBXFileReference; lastKnownFileType = sourcecode.swift; path = TriviaAppApp.swift; sourceTree = "<group>"; };
		7F3947F429B2FDD600016ED9 /* ContentView.swift */ = {isa = PBXFileReference; lastKnownFileType = sourcecode.swift; path = ContentView.swift; sourceTree = "<group>"; };
		7F3947F629B2FDD700016ED9 /* Assets.xcassets */ = {isa = PBXFileReference; lastKnownFileType = folder.assetcatalog; path = Assets.xcassets; sourceTree = "<group>"; };
		7F3947F929B2FDD700016ED9 /* Preview Assets.xcassets */ = {isa = PBXFileReference; lastKnownFileType = folder.assetcatalog; path = "Preview Assets.xcassets"; sourceTree = "<group>"; };
		7F43FC4F29B3E0AA000B7B7A /* JSONQuestion.swift */ = {isa = PBXFileReference; lastKnownFileType = sourcecode.swift; path = JSONQuestion.swift; sourceTree = "<group>"; };
		7F43FC5129B3E48D000B7B7A /* Bundle-Decodable.swift */ = {isa = PBXFileReference; lastKnownFileType = sourcecode.swift; path = "Bundle-Decodable.swift"; sourceTree = "<group>"; };
		7F89996F29B40553005F9053 /* Color-Theme.swift */ = {isa = PBXFileReference; lastKnownFileType = sourcecode.swift; path = "Color-Theme.swift"; sourceTree = "<group>"; };
/* End PBXFileReference section */

/* Begin PBXFrameworksBuildPhase section */
		7F3947EC29B2FDD600016ED9 /* Frameworks */ = {
			isa = PBXFrameworksBuildPhase;
			buildActionMask = 2147483647;
			files = (
			);
			runOnlyForDeploymentPostprocessing = 0;
		};
/* End PBXFrameworksBuildPhase section */

/* Begin PBXGroup section */
		7F3947E629B2FDD600016ED9 = {
			isa = PBXGroup;
			children = (
				7F3947F129B2FDD600016ED9 /* TriviaApp */,
				7F3947F029B2FDD600016ED9 /* Products */,
			);
			sourceTree = "<group>";
		};
		7F3947F029B2FDD600016ED9 /* Products */ = {
			isa = PBXGroup;
			children = (
				7F3947EF29B2FDD600016ED9 /* TriviaApp.app */,
			);
			name = Products;
			sourceTree = "<group>";
		};
		7F3947F129B2FDD600016ED9 /* TriviaApp */ = {
			isa = PBXGroup;
			children = (
				7F12331C29B3E68F00E906B0 /* questions.json */,
				7F3947F229B2FDD600016ED9 /* TriviaAppApp.swift */,
				7F3947F429B2FDD600016ED9 /* ContentView.swift */,
				7F0432AA29B51778006F652A /* AnswerModule.swift */,
				7F89996F29B40553005F9053 /* Color-Theme.swift */,
				7F43FC5129B3E48D000B7B7A /* Bundle-Decodable.swift */,
				7F43FC4F29B3E0AA000B7B7A /* JSONQuestion.swift */,
				7F3947F629B2FDD700016ED9 /* Assets.xcassets */,
				7F3947F829B2FDD700016ED9 /* Preview Content */,
			);
			path = TriviaApp;
			sourceTree = "<group>";
		};
		7F3947F829B2FDD700016ED9 /* Preview Content */ = {
			isa = PBXGroup;
			children = (
				7F3947F929B2FDD700016ED9 /* Preview Assets.xcassets */,
			);
			path = "Preview Content";
			sourceTree = "<group>";
		};
/* End PBXGroup section */

/* Begin PBXNativeTarget section */
		7F3947EE29B2FDD600016ED9 /* TriviaApp */ = {
			isa = PBXNativeTarget;
			buildConfigurationList = 7F3947FD29B2FDD700016ED9 /* Build configuration list for PBXNativeTarget "TriviaApp" */;
			buildPhases = (
				7F3947EB29B2FDD600016ED9 /* Sources */,
				7F3947EC29B2FDD600016ED9 /* Frameworks */,
				7F3947ED29B2FDD600016ED9 /* Resources */,
			);
			buildRules = (
			);
			dependencies = (
			);
			name = TriviaApp;
			productName = TriviaFromScratch;
			productReference = 7F3947EF29B2FDD600016ED9 /* TriviaApp.app */;
			productType = "com.apple.product-type.application";
		};
/* End PBXNativeTarget section */

/* Begin PBXProject section */
		7F3947E729B2FDD600016ED9 /* Project object */ = {
			isa = PBXProject;
			attributes = {
				BuildIndependentTargetsInParallel = 1;
				LastSwiftUpdateCheck = 1420;
				LastUpgradeCheck = 1420;
				TargetAttributes = {
					7F3947EE29B2FDD600016ED9 = {
						CreatedOnToolsVersion = 14.2;
					};
				};
			};
			buildConfigurationList = 7F3947EA29B2FDD600016ED9 /* Build configuration list for PBXProject "TriviaApp" */;
			compatibilityVersion = "Xcode 14.0";
			developmentRegion = en;
			hasScannedForEncodings = 0;
			knownRegions = (
				en,
				Base,
			);
			mainGroup = 7F3947E629B2FDD600016ED9;
			productRefGroup = 7F3947F029B2FDD600016ED9 /* Products */;
			projectDirPath = "";
			projectRoot = "";
			targets = (
				7F3947EE29B2FDD600016ED9 /* TriviaApp */,
			);
		};
/* End PBXProject section */

/* Begin PBXResourcesBuildPhase section */
		7F3947ED29B2FDD600016ED9 /* Resources */ = {
			isa = PBXResourcesBuildPhase;
			buildActionMask = 2147483647;
			files = (
				7F12331D29B3E68F00E906B0 /* questions.json in Resources */,
				7F3947FA29B2FDD700016ED9 /* Preview Assets.xcassets in Resources */,
				7F3947F729B2FDD700016ED9 /* Assets.xcassets in Resources */,
			);
			runOnlyForDeploymentPostprocessing = 0;
		};
/* End PBXResourcesBuildPhase section */

/* Begin PBXSourcesBuildPhase section */
		7F3947EB29B2FDD600016ED9 /* Sources */ = {
			isa = PBXSourcesBuildPhase;
			buildActionMask = 2147483647;
			files = (
				7F3947F529B2FDD600016ED9 /* ContentView.swift in Sources */,
				7F3947F329B2FDD600016ED9 /* TriviaAppApp.swift in Sources */,
				7F43FC5029B3E0AA000B7B7A /* JSONQuestion.swift in Sources */,
				7F43FC5229B3E48D000B7B7A /* Bundle-Decodable.swift in Sources */,
				7F0432AB29B51778006F652A /* AnswerModule.swift in Sources */,
				7F89997029B40553005F9053 /* Color-Theme.swift in Sources */,
			);
			runOnlyForDeploymentPostprocessing = 0;
		};
/* End PBXSourcesBuildPhase section */

/* Begin XCBuildConfiguration section */
		7F3947FB29B2FDD700016ED9 /* Debug */ = {
			isa = XCBuildConfiguration;
			buildSettings = {
				ALWAYS_SEARCH_USER_PATHS = NO;
				CLANG_ANALYZER_NONNULL = YES;
				CLANG_ANALYZER_NUMBER_OBJECT_CONVERSION = YES_AGGRESSIVE;
				CLANG_CXX_LANGUAGE_STANDARD = "gnu++20";
				CLANG_ENABLE_MODULES = YES;
				CLANG_ENABLE_OBJC_ARC = YES;
				CLANG_ENABLE_OBJC_WEAK = YES;
				CLANG_WARN_BLOCK_CAPTURE_AUTORELEASING = YES;
				CLANG_WARN_BOOL_CONVERSION = YES;
				CLANG_WARN_COMMA = YES;
				CLANG_WARN_CONSTANT_CONVERSION = YES;
				CLANG_WARN_DEPRECATED_OBJC_IMPLEMENTATIONS = YES;
				CLANG_WARN_DIRECT_OBJC_ISA_USAGE = YES_ERROR;
				CLANG_WARN_DOCUMENTATION_COMMENTS = YES;
				CLANG_WARN_EMPTY_BODY = YES;
				CLANG_WARN_ENUM_CONVERSION = YES;
				CLANG_WARN_INFINITE_RECURSION = YES;
				CLANG_WARN_INT_CONVERSION = YES;
				CLANG_WARN_NON_LITERAL_NULL_CONVERSION = YES;
				CLANG_WARN_OBJC_IMPLICIT_RETAIN_SELF = YES;
				CLANG_WARN_OBJC_LITERAL_CONVERSION = YES;
				CLANG_WARN_OBJC_ROOT_CLASS = YES_ERROR;
				CLANG_WARN_QUOTED_INCLUDE_IN_FRAMEWORK_HEADER = YES;
				CLANG_WARN_RANGE_LOOP_ANALYSIS = YES;
				CLANG_WARN_STRICT_PROTOTYPES = YES;
				CLANG_WARN_SUSPICIOUS_MOVE = YES;
				CLANG_WARN_UNGUARDED_AVAILABILITY = YES_AGGRESSIVE;
				CLANG_WARN_UNREACHABLE_CODE = YES;
				CLANG_WARN__DUPLICATE_METHOD_MATCH = YES;
				COPY_PHASE_STRIP = NO;
				DEBUG_INFORMATION_FORMAT = dwarf;
				ENABLE_STRICT_OBJC_MSGSEND = YES;
				ENABLE_TESTABILITY = YES;
				GCC_C_LANGUAGE_STANDARD = gnu11;
				GCC_DYNAMIC_NO_PIC = NO;
				GCC_NO_COMMON_BLOCKS = YES;
				GCC_OPTIMIZATION_LEVEL = 0;
				GCC_PREPROCESSOR_DEFINITIONS = (
					"DEBUG=1",
					"$(inherited)",
				);
				GCC_WARN_64_TO_32_BIT_CONVERSION = YES;
				GCC_WARN_ABOUT_RETURN_TYPE = YES_ERROR;
				GCC_WARN_UNDECLARED_SELECTOR = YES;
				GCC_WARN_UNINITIALIZED_AUTOS = YES_AGGRESSIVE;
				GCC_WARN_UNUSED_FUNCTION = YES;
				GCC_WARN_UNUSED_VARIABLE = YES;
				IPHONEOS_DEPLOYMENT_TARGET = 16.2;
				MTL_ENABLE_DEBUG_INFO = INCLUDE_SOURCE;
				MTL_FAST_MATH = YES;
				ONLY_ACTIVE_ARCH = YES;
				SDKROOT = iphoneos;
				SWIFT_ACTIVE_COMPILATION_CONDITIONS = DEBUG;
				SWIFT_OPTIMIZATION_LEVEL = "-Onone";
			};
			name = Debug;
		};
		7F3947FC29B2FDD700016ED9 /* Release */ = {
			isa = XCBuildConfiguration;
			buildSettings = {
				ALWAYS_SEARCH_USER_PATHS = NO;
				CLANG_ANALYZER_NONNULL = YES;
				CLANG_ANALYZER_NUMBER_OBJECT_CONVERSION = YES_AGGRESSIVE;
				CLANG_CXX_LANGUAGE_STANDARD = "gnu++20";
				CLANG_ENABLE_MODULES = YES;
				CLANG_ENABLE_OBJC_ARC = YES;
				CLANG_ENABLE_OBJC_WEAK = YES;
				CLANG_WARN_BLOCK_CAPTURE_AUTORELEASING = YES;
				CLANG_WARN_BOOL_CONVERSION = YES;
				CLANG_WARN_COMMA = YES;
				CLANG_WARN_CONSTANT_CONVERSION = YES;
				CLANG_WARN_DEPRECATED_OBJC_IMPLEMENTATIONS = YES;
				CLANG_WARN_DIRECT_OBJC_ISA_USAGE = YES_ERROR;
				CLANG_WARN_DOCUMENTATION_COMMENTS = YES;
				CLANG_WARN_EMPTY_BODY = YES;
				CLANG_WARN_ENUM_CONVERSION = YES;
				CLANG_WARN_INFINITE_RECURSION = YES;
				CLANG_WARN_INT_CONVERSION = YES;
				CLANG_WARN_NON_LITERAL_NULL_CONVERSION = YES;
				CLANG_WARN_OBJC_IMPLICIT_RETAIN_SELF = YES;
				CLANG_WARN_OBJC_LITERAL_CONVERSION = YES;
				CLANG_WARN_OBJC_ROOT_CLASS = YES_ERROR;
				CLANG_WARN_QUOTED_INCLUDE_IN_FRAMEWORK_HEADER = YES;
				CLANG_WARN_RANGE_LOOP_ANALYSIS = YES;
				CLANG_WARN_STRICT_PROTOTYPES = YES;
				CLANG_WARN_SUSPICIOUS_MOVE = YES;
				CLANG_WARN_UNGUARDED_AVAILABILITY = YES_AGGRESSIVE;
				CLANG_WARN_UNREACHABLE_CODE = YES;
				CLANG_WARN__DUPLICATE_METHOD_MATCH = YES;
				COPY_PHASE_STRIP = NO;
				DEBUG_INFORMATION_FORMAT = "dwarf-with-dsym";
				ENABLE_NS_ASSERTIONS = NO;
				ENABLE_STRICT_OBJC_MSGSEND = YES;
				GCC_C_LANGUAGE_STANDARD = gnu11;
				GCC_NO_COMMON_BLOCKS = YES;
				GCC_WARN_64_TO_32_BIT_CONVERSION = YES;
				GCC_WARN_ABOUT_RETURN_TYPE = YES_ERROR;
				GCC_WARN_UNDECLARED_SELECTOR = YES;
				GCC_WARN_UNINITIALIZED_AUTOS = YES_AGGRESSIVE;
				GCC_WARN_UNUSED_FUNCTION = YES;
				GCC_WARN_UNUSED_VARIABLE = YES;
				IPHONEOS_DEPLOYMENT_TARGET = 16.2;
				MTL_ENABLE_DEBUG_INFO = NO;
				MTL_FAST_MATH = YES;
				SDKROOT = iphoneos;
				SWIFT_COMPILATION_MODE = wholemodule;
				SWIFT_OPTIMIZATION_LEVEL = "-O";
				VALIDATE_PRODUCT = YES;
			};
			name = Release;
		};
		7F3947FE29B2FDD700016ED9 /* Debug */ = {
			isa = XCBuildConfiguration;
			buildSettings = {
				ASSETCATALOG_COMPILER_APPICON_NAME = AppIcon;
				ASSETCATALOG_COMPILER_GLOBAL_ACCENT_COLOR_NAME = AccentColor;
				CODE_SIGN_STYLE = Automatic;
				CURRENT_PROJECT_VERSION = 1;
				DEVELOPMENT_ASSET_PATHS = "\"TriviaApp/Preview Content\"";
				DEVELOPMENT_TEAM = N33Z6K7M73;
				ENABLE_PREVIEWS = YES;
				GENERATE_INFOPLIST_FILE = YES;
				INFOPLIST_KEY_CFBundleDisplayName = "Jared's Trivia";
				INFOPLIST_KEY_LSApplicationCategoryType = "public.app-category.trivia-games";
				INFOPLIST_KEY_UIApplicationSceneManifest_Generation = YES;
				INFOPLIST_KEY_UIApplicationSupportsIndirectInputEvents = YES;
				INFOPLIST_KEY_UILaunchScreen_Generation = YES;
				INFOPLIST_KEY_UIStatusBarStyle = "";
				INFOPLIST_KEY_UISupportedInterfaceOrientations = UIInterfaceOrientationPortrait;
				INFOPLIST_KEY_UISupportedInterfaceOrientations_iPad = "UIInterfaceOrientationLandscapeLeft UIInterfaceOrientationLandscapeRight UIInterfaceOrientationPortrait UIInterfaceOrientationPortraitUpsideDown";
				IPHONEOS_DEPLOYMENT_TARGET = 15.0;
				LD_RUNPATH_SEARCH_PATHS = (
					"$(inherited)",
					"@executable_path/Frameworks",
				);
				MARKETING_VERSION = 0.0.1;
				PRODUCT_BUNDLE_IDENTIFIER = hoerr.jared.TriviaApp;
				PRODUCT_NAME = "$(TARGET_NAME)";
				SUPPORTED_PLATFORMS = "iphoneos iphonesimulator";
				SUPPORTS_MACCATALYST = NO;
				SUPPORTS_MAC_DESIGNED_FOR_IPHONE_IPAD = YES;
				SWIFT_EMIT_LOC_STRINGS = YES;
				SWIFT_VERSION = 5.0;
				TARGETED_DEVICE_FAMILY = "1,2";
			};
			name = Debug;
		};
		7F3947FF29B2FDD700016ED9 /* Release */ = {
			isa = XCBuildConfiguration;
			buildSettings = {
				ASSETCATALOG_COMPILER_APPICON_NAME = AppIcon;
				ASSETCATALOG_COMPILER_GLOBAL_ACCENT_COLOR_NAME = AccentColor;
				CODE_SIGN_STYLE = Automatic;
				CURRENT_PROJECT_VERSION = 1;
				DEVELOPMENT_ASSET_PATHS = "\"TriviaApp/Preview Content\"";
				DEVELOPMENT_TEAM = N33Z6K7M73;
				ENABLE_PREVIEWS = YES;
				GENERATE_INFOPLIST_FILE = YES;
				INFOPLIST_KEY_CFBundleDisplayName = "Jared's Trivia";
				INFOPLIST_KEY_LSApplicationCategoryType = "public.app-category.trivia-games";
				INFOPLIST_KEY_UIApplicationSceneManifest_Generation = YES;
				INFOPLIST_KEY_UIApplicationSupportsIndirectInputEvents = YES;
				INFOPLIST_KEY_UILaunchScreen_Generation = YES;
				INFOPLIST_KEY_UIStatusBarStyle = "";
				INFOPLIST_KEY_UISupportedInterfaceOrientations = UIInterfaceOrientationPortrait;
				INFOPLIST_KEY_UISupportedInterfaceOrientations_iPad = "UIInterfaceOrientationLandscapeLeft UIInterfaceOrientationLandscapeRight UIInterfaceOrientationPortrait UIInterfaceOrientationPortraitUpsideDown";
				IPHONEOS_DEPLOYMENT_TARGET = 15.0;
				LD_RUNPATH_SEARCH_PATHS = (
					"$(inherited)",
					"@executable_path/Frameworks",
				);
				MARKETING_VERSION = 0.0.1;
				PRODUCT_BUNDLE_IDENTIFIER = hoerr.jared.TriviaApp;
				PRODUCT_NAME = "$(TARGET_NAME)";
				SUPPORTED_PLATFORMS = "iphoneos iphonesimulator";
				SUPPORTS_MACCATALYST = NO;
				SUPPORTS_MAC_DESIGNED_FOR_IPHONE_IPAD = YES;
				SWIFT_EMIT_LOC_STRINGS = YES;
				SWIFT_VERSION = 5.0;
				TARGETED_DEVICE_FAMILY = "1,2";
			};
			name = Release;
		};
/* End XCBuildConfiguration section */

/* Begin XCConfigurationList section */
		7F3947EA29B2FDD600016ED9 /* Build configuration list for PBXProject "TriviaApp" */ = {
			isa = XCConfigurationList;
			buildConfigurations = (
				7F3947FB29B2FDD700016ED9 /* Debug */,
				7F3947FC29B2FDD700016ED9 /* Release */,
			);
			defaultConfigurationIsVisible = 0;
			defaultConfigurationName = Release;
		};
		7F3947FD29B2FDD700016ED9 /* Build configuration list for PBXNativeTarget "TriviaApp" */ = {
			isa = XCConfigurationList;
			buildConfigurations = (
				7F3947FE29B2FDD700016ED9 /* Debug */,
				7F3947FF29B2FDD700016ED9 /* Release */,
			);
			defaultConfigurationIsVisible = 0;
			defaultConfigurationName = Release;
		};
/* End XCConfigurationList section */
	};
	rootObject = 7F3947E729B2FDD600016ED9 /* Project object */;
}
